
Microsoft Visual Studio Solution File, Format Version 12.00
# Visual Studio Version 16
VisualStudioVersion = 16.0.30907.101
MinimumVisualStudioVersion = 10.0.40219.1
Project("{FAE04EC0-301F-11D3-BF4B-00C04F79EFBC}") = "SQLupiti", "SQLupiti.csproj", "{CC468594-18B5-4B7D-B624-1FCD44911475}"
EndProject
Global
	GlobalSection(SolutionConfigurationPlatforms) = preSolution
		Debug|Any CPU = Debug|Any CPU
		Release|Any CPU = Release|Any CPU
	EndGlobalSection
	GlobalSection(ProjectConfigurationPlatforms) = postSolution
		{CC468594-18B5-4B7D-B624-1FCD44911475}.Debug|Any CPU.ActiveCfg = Debug|Any CPU
		{CC468594-18B5-4B7D-B624-1FCD44911475}.Debug|Any CPU.Build.0 = Debug|Any CPU
		{CC468594-18B5-4B7D-B624-1FCD44911475}.Release|Any CPU.ActiveCfg = Release|Any CPU
		{CC468594-18B5-4B7D-B624-1FCD44911475}.Release|Any CPU.Build.0 = Release|Any CPU
	EndGlobalSection
	GlobalSection(SolutionProperties) = preSolution
		HideSolutionNode = FALSE
	EndGlobalSection
	GlobalSection(ExtensibilityGlobals) = postSolution
		SolutionGuid = {4C49F9C4-C207-4109-B195-07FFA80C08B4}
	EndGlobalSection
EndGlobal
